// !$*UTF8*$!
{
	archiveVersion = 1;
	classes = {
	};
	objectVersion = 46;
	objects = {

/* Begin PBXBuildFile section */
		6646DAE01B1C670B0022AEB9 /* AppDelegate.swift in Sources */ = {isa = PBXBuildFile; fileRef = 6646DADF1B1C670B0022AEB9 /* AppDelegate.swift */; };
		6646DAE31B1C670B0022AEB9 /* AgeofCat.xcdatamodeld in Sources */ = {isa = PBXBuildFile; fileRef = 6646DAE11B1C670B0022AEB9 /* AgeofCat.xcdatamodeld */; };
		6646DAE51B1C670B0022AEB9 /* ViewController.swift in Sources */ = {isa = PBXBuildFile; fileRef = 6646DAE41B1C670B0022AEB9 /* ViewController.swift */; };
		6646DAE81B1C670B0022AEB9 /* Main.storyboard in Resources */ = {isa = PBXBuildFile; fileRef = 6646DAE61B1C670B0022AEB9 /* Main.storyboard */; };
		6646DAEA1B1C670B0022AEB9 /* Images.xcassets in Resources */ = {isa = PBXBuildFile; fileRef = 6646DAE91B1C670B0022AEB9 /* Images.xcassets */; };
		6646DAED1B1C670B0022AEB9 /* LaunchScreen.xib in Resources */ = {isa = PBXBuildFile; fileRef = 6646DAEB1B1C670B0022AEB9 /* LaunchScreen.xib */; };
		6646DAF91B1C670B0022AEB9 /* AgeofCatTests.swift in Sources */ = {isa = PBXBuildFile; fileRef = 6646DAF81B1C670B0022AEB9 /* AgeofCatTests.swift */; };
		6646DB031B1C68700022AEB9 /* stylish-3d-buttons-psd.png in Resources */ = {isa = PBXBuildFile; fileRef = 6646DB021B1C68700022AEB9 /* stylish-3d-buttons-psd.png */; };
/* End PBXBuildFile section */

/* Begin PBXContainerItemProxy section */
		6646DAF31B1C670B0022AEB9 /* PBXContainerItemProxy */ = {
			isa = PBXContainerItemProxy;
			containerPortal = 6646DAD21B1C670B0022AEB9 /* Project object */;
			proxyType = 1;
			remoteGlobalIDString = 6646DAD91B1C670B0022AEB9;
			remoteInfo = AgeofCat;
		};
/* End PBXContainerItemProxy section */

/* Begin PBXFileReference section */
		6646DADA1B1C670B0022AEB9 /* AgeofCat.app */ = {isa = PBXFileReference; explicitFileType = wrapper.application; includeInIndex = 0; path = AgeofCat.app; sourceTree = BUILT_PRODUCTS_DIR; };
		6646DADE1B1C670B0022AEB9 /* Info.plist */ = {isa = PBXFileReference; lastKnownFileType = text.plist.xml; path = Info.plist; sourceTree = "<group>"; };
		6646DADF1B1C670B0022AEB9 /* AppDelegate.swift */ = {isa = PBXFileReference; lastKnownFileType = sourcecode.swift; path = AppDelegate.swift; sourceTree = "<group>"; };
		6646DAE21B1C670B0022AEB9 /* AgeofCat.xcdatamodel */ = {isa = PBXFileReference; lastKnownFileType = wrapper.xcdatamodel; path = AgeofCat.xcdatamodel; sourceTree = "<group>"; };
		6646DAE41B1C670B0022AEB9 /* ViewController.swift */ = {isa = PBXFileReference; lastKnownFileType = sourcecode.swift; path = ViewController.swift; sourceTree = "<group>"; };
		6646DAE71B1C670B0022AEB9 /* Base */ = {isa = PBXFileReference; lastKnownFileType = file.storyboard; name = Base; path = Base.lproj/Main.storyboard; sourceTree = "<group>"; };
		6646DAE91B1C670B0022AEB9 /* Images.xcassets */ = {isa = PBXFileReference; lastKnownFileType = folder.assetcatalog; path = Images.xcassets; sourceTree = "<group>"; };
		6646DAEC1B1C670B0022AEB9 /* Base */ = {isa = PBXFileReference; lastKnownFileType = file.xib; name = Base; path = Base.lproj/LaunchScreen.xib; sourceTree = "<group>"; };
		6646DAF21B1C670B0022AEB9 /* AgeofCatTests.xctest */ = {isa = PBXFileReference; explicitFileType = wrapper.cfbundle; includeInIndex = 0; path = AgeofCatTests.xctest; sourceTree = BUILT_PRODUCTS_DIR; };
		6646DAF71B1C670B0022AEB9 /* Info.plist */ = {isa = PBXFileReference; lastKnownFileType = text.plist.xml; path = Info.plist; sourceTree = "<group>"; };
		6646DAF81B1C670B0022AEB9 /* AgeofCatTests.swift */ = {isa = PBXFileReference; lastKnownFileType = sourcecode.swift; path = AgeofCatTests.swift; sourceTree = "<group>"; };
		6646DB021B1C68700022AEB9 /* stylish-3d-buttons-psd.png */ = {isa = PBXFileReference; lastKnownFileType = image.png; path = "stylish-3d-buttons-psd.png"; sourceTree = "<group>"; };
/* End PBXFileReference section */

/* Begin PBXFrameworksBuildPhase section */
		6646DAD71B1C670B0022AEB9 /* Frameworks */ = {
			isa = PBXFrameworksBuildPhase;
			buildActionMask = 2147483647;
			files = (
			);
			runOnlyForDeploymentPostprocessing = 0;
		};
		6646DAEF1B1C670B0022AEB9 /* Frameworks */ = {
			isa = PBXFrameworksBuildPhase;
			buildActionMask = 2147483647;
			files = (
			);
			runOnlyForDeploymentPostprocessing = 0;
		};
/* End PBXFrameworksBuildPhase section */

/* Begin PBXGroup section */
		6646DAD11B1C670B0022AEB9 = {
			isa = PBXGroup;
			children = (
				6646DADC1B1C670B0022AEB9 /* AgeofCat */,
				6646DAF51B1C670B0022AEB9 /* AgeofCatTests */,
				6646DADB1B1C670B0022AEB9 /* Products */,
			);
			sourceTree = "<group>";
		};
		6646DADB1B1C670B0022AEB9 /* Products */ = {
			isa = PBXGroup;
			children = (
				6646DADA1B1C670B0022AEB9 /* AgeofCat.app */,
				6646DAF21B1C670B0022AEB9 /* AgeofCatTests.xctest */,
			);
			name = Products;
			sourceTree = "<group>";
		};
		6646DADC1B1C670B0022AEB9 /* AgeofCat */ = {
			isa = PBXGroup;
			children = (
				6646DADF1B1C670B0022AEB9 /* AppDelegate.swift */,
				6646DAE41B1C670B0022AEB9 /* ViewController.swift */,
				6646DAE61B1C670B0022AEB9 /* Main.storyboard */,
				6646DAE91B1C670B0022AEB9 /* Images.xcassets */,
				6646DAEB1B1C670B0022AEB9 /* LaunchScreen.xib */,
				6646DAE11B1C670B0022AEB9 /* AgeofCat.xcdatamodeld */,
				6646DADD1B1C670B0022AEB9 /* Supporting Files */,
			);
			path = AgeofCat;
			sourceTree = "<group>";
		};
		6646DADD1B1C670B0022AEB9 /* Supporting Files */ = {
			isa = PBXGroup;
			children = (
				6646DB021B1C68700022AEB9 /* stylish-3d-buttons-psd.png */,
				6646DADE1B1C670B0022AEB9 /* Info.plist */,
			);
			name = "Supporting Files";
			sourceTree = "<group>";
		};
		6646DAF51B1C670B0022AEB9 /* AgeofCatTests */ = {
			isa = PBXGroup;
			children = (
				6646DAF81B1C670B0022AEB9 /* AgeofCatTests.swift */,
				6646DAF61B1C670B0022AEB9 /* Supporting Files */,
			);
			path = AgeofCatTests;
			sourceTree = "<group>";
		};
		6646DAF61B1C670B0022AEB9 /* Supporting Files */ = {
			isa = PBXGroup;
			children = (
				6646DAF71B1C670B0022AEB9 /* Info.plist */,
			);
			name = "Supporting Files";
			sourceTree = "<group>";
		};
/* End PBXGroup section */

/* Begin PBXNativeTarget section */
		6646DAD91B1C670B0022AEB9 /* AgeofCat */ = {
			isa = PBXNativeTarget;
			buildConfigurationList = 6646DAFC1B1C670B0022AEB9 /* Build configuration list for PBXNativeTarget "AgeofCat" */;
			buildPhases = (
				6646DAD61B1C670B0022AEB9 /* Sources */,
				6646DAD71B1C670B0022AEB9 /* Frameworks */,
				6646DAD81B1C670B0022AEB9 /* Resources */,
			);
			buildRules = (
			);
			dependencies = (
			);
			name = AgeofCat;
			productName = AgeofCat;
			productReference = 6646DADA1B1C670B0022AEB9 /* AgeofCat.app */;
			productType = "com.apple.product-type.application";
		};
		6646DAF11B1C670B0022AEB9 /* AgeofCatTests */ = {
			isa = PBXNativeTarget;
			buildConfigurationList = 6646DAFF1B1C670B0022AEB9 /* Build configuration list for PBXNativeTarget "AgeofCatTests" */;
			buildPhases = (
				6646DAEE1B1C670B0022AEB9 /* Sources */,
				6646DAEF1B1C670B0022AEB9 /* Frameworks */,
				6646DAF01B1C670B0022AEB9 /* Resources */,
			);
			buildRules = (
			);
			dependencies = (
				6646DAF41B1C670B0022AEB9 /* PBXTargetDependency */,
			);
			name = AgeofCatTests;
			productName = AgeofCatTests;
			productReference = 6646DAF21B1C670B0022AEB9 /* AgeofCatTests.xctest */;
			productType = "com.apple.product-type.bundle.unit-test";
		};
/* End PBXNativeTarget section */

/* Begin PBXProject section */
		6646DAD21B1C670B0022AEB9 /* Project object */ = {
			isa = PBXProject;
			attributes = {
				LastUpgradeCheck = 0630;
				ORGANIZATIONNAME = NowakAdam;
				TargetAttributes = {
					6646DAD91B1C670B0022AEB9 = {
						CreatedOnToolsVersion = 6.3.2;
					};
					6646DAF11B1C670B0022AEB9 = {
						CreatedOnToolsVersion = 6.3.2;
						TestTargetID = 6646DAD91B1C670B0022AEB9;
					};
				};
			};
			buildConfigurationList = 6646DAD51B1C670B0022AEB9 /* Build configuration list for PBXProject "AgeofCat" */;
			compatibilityVersion = "Xcode 3.2";
			developmentRegion = English;
			hasScannedForEncodings = 0;
			knownRegions = (
				en,
				Base,
			);
			mainGroup = 6646DAD11B1C670B0022AEB9;
			productRefGroup = 6646DADB1B1C670B0022AEB9 /* Products */;
			projectDirPath = "";
			projectRoot = "";
			targets = (
				6646DAD91B1C670B0022AEB9 /* AgeofCat */,
				6646DAF11B1C670B0022AEB9 /* AgeofCatTests */,
			);
		};
/* End PBXProject section */

/* Begin PBXResourcesBuildPhase section */
		6646DAD81B1C670B0022AEB9 /* Resources */ = {
			isa = PBXResourcesBuildPhase;
			buildActionMask = 2147483647;
			files = (
				6646DAE81B1C670B0022AEB9 /* Main.storyboard in Resources */,
				6646DB031B1C68700022AEB9 /* stylish-3d-buttons-psd.png in Resources */,
				6646DAED1B1C670B0022AEB9 /* LaunchScreen.xib in Resources */,
				6646DAEA1B1C670B0022AEB9 /* Images.xcassets in Resources */,
			);
			runOnlyForDeploymentPostprocessing = 0;
		};
		6646DAF01B1C670B0022AEB9 /* Resources */ = {
			isa = PBXResourcesBuildPhase;
			buildActionMask = 2147483647;
			files = (
			);
			runOnlyForDeploymentPostprocessing = 0;
		};
/* End PBXResourcesBuildPhase section */

/* Begin PBXSourcesBuildPhase section */
		6646DAD61B1C670B0022AEB9 /* Sources */ = {
			isa = PBXSourcesBuildPhase;
			buildActionMask = 2147483647;
			files = (
				6646DAE51B1C670B0022AEB9 /* ViewController.swift in Sources */,
				6646DAE01B1C670B0022AEB9 /* AppDelegate.swift in Sources */,
				6646DAE31B1C670B0022AEB9 /* AgeofCat.xcdatamodeld in Sources */,
			);
			runOnlyForDeploymentPostprocessing = 0;
		};
		6646DAEE1B1C670B0022AEB9 /* Sources */ = {
			isa = PBXSourcesBuildPhase;
			buildActionMask = 2147483647;
			files = (
				6646DAF91B1C670B0022AEB9 /* AgeofCatTests.swift in Sources */,
			);
			runOnlyForDeploymentPostprocessing = 0;
		};
/* End PBXSourcesBuildPhase section */

/* Begin PBXTargetDependency section */
		6646DAF41B1C670B0022AEB9 /* PBXTargetDependency */ = {
			isa = PBXTargetDependency;
			target = 6646DAD91B1C670B0022AEB9 /* AgeofCat */;
			targetProxy = 6646DAF31B1C670B0022AEB9 /* PBXContainerItemProxy */;
		};
/* End PBXTargetDependency section */

/* Begin PBXVariantGroup section */
		6646DAE61B1C670B0022AEB9 /* Main.storyboard */ = {
			isa = PBXVariantGroup;
			children = (
				6646DAE71B1C670B0022AEB9 /* Base */,
			);
			name = Main.storyboard;
			sourceTree = "<group>";
		};
		6646DAEB1B1C670B0022AEB9 /* LaunchScreen.xib */ = {
			isa = PBXVariantGroup;
			children = (
				6646DAEC1B1C670B0022AEB9 /* Base */,
			);
			name = LaunchScreen.xib;
			sourceTree = "<group>";
		};
/* End PBXVariantGroup section */

/* Begin XCBuildConfiguration section */
		6646DAFA1B1C670B0022AEB9 /* Debug */ = {
			isa = XCBuildConfiguration;
			buildSettings = {
				ALWAYS_SEARCH_USER_PATHS = NO;
				CLANG_CXX_LANGUAGE_STANDARD = "gnu++0x";
				CLANG_CXX_LIBRARY = "libc++";
				CLANG_ENABLE_MODULES = YES;
				CLANG_ENABLE_OBJC_ARC = YES;
				CLANG_WARN_BOOL_CONVERSION = YES;
				CLANG_WARN_CONSTANT_CONVERSION = YES;
				CLANG_WARN_DIRECT_OBJC_ISA_USAGE = YES_ERROR;
				CLANG_WARN_EMPTY_BODY = YES;
				CLANG_WARN_ENUM_CONVERSION = YES;
				CLANG_WARN_INT_CONVERSION = YES;
				CLANG_WARN_OBJC_ROOT_CLASS = YES_ERROR;
				CLANG_WARN_UNREACHABLE_CODE = YES;
				CLANG_WARN__DUPLICATE_METHOD_MATCH = YES;
				"CODE_SIGN_IDENTITY[sdk=iphoneos*]" = "iPhone Developer";
				COPY_PHASE_STRIP = NO;
				DEBUG_INFORMATION_FORMAT = "dwarf-with-dsym";
				ENABLE_STRICT_OBJC_MSGSEND = YES;
				GCC_C_LANGUAGE_STANDARD = gnu99;
				GCC_DYNAMIC_NO_PIC = NO;
				GCC_NO_COMMON_BLOCKS = YES;
				GCC_OPTIMIZATION_LEVEL = 0;
				GCC_PREPROCESSOR_DEFINITIONS = (
					"DEBUG=1",
					"$(inherited)",
				);
				GCC_SYMBOLS_PRIVATE_EXTERN = NO;
				GCC_WARN_64_TO_32_BIT_CONVERSION = YES;
				GCC_WARN_ABOUT_RETURN_TYPE = YES_ERROR;
				GCC_WARN_UNDECLARED_SELECTOR = YES;
				GCC_WARN_UNINITIALIZED_AUTOS = YES_AGGRESSIVE;
				GCC_WARN_UNUSED_FUNCTION = YES;
				GCC_WARN_UNUSED_VARIABLE = YES;
				IPHONEOS_DEPLOYMENT_TARGET = 8.3;
				MTL_ENABLE_DEBUG_INFO = YES;
				ONLY_ACTIVE_ARCH = YES;
				SDKROOT = iphoneos;
				SWIFT_OPTIMIZATION_LEVEL = "-Onone";
				TARGETED_DEVICE_FAMILY = "1,2";
			};
			name = Debug;
		};
		6646DAFB1B1C670B0022AEB9 /* Release */ = {
			isa = XCBuildConfiguration;
			buildSettings = {
				ALWAYS_SEARCH_USER_PATHS = NO;
				CLANG_CXX_LANGUAGE_STANDARD = "gnu++0x";
				CLANG_CXX_LIBRARY = "libc++";
				CLANG_ENABLE_MODULES = YES;
				CLANG_ENABLE_OBJC_ARC = YES;
				CLANG_WARN_BOOL_CONVERSION = YES;
				CLANG_WARN_CONSTANT_CONVERSION = YES;
				CLANG_WARN_DIRECT_OBJC_ISA_USAGE = YES_ERROR;
				CLANG_WARN_EMPTY_BODY = YES;
				CLANG_WARN_ENUM_CONVERSION = YES;
				CLANG_WARN_INT_CONVERSION = YES;
				CLANG_WARN_OBJC_ROOT_CLASS = YES_ERROR;
				CLANG_WARN_UNREACHABLE_CODE = YES;
				CLANG_WARN__DUPLICATE_METHOD_MATCH = YES;
				"CODE_SIGN_IDENTITY[sdk=iphoneos*]" = "iPhone Developer";
				COPY_PHASE_STRIP = NO;
				DEBUG_INFORMATION_FORMAT = "dwarf-with-dsym";
				ENABLE_NS_ASSERTIONS = NO;
				ENABLE_STRICT_OBJC_MSGSEND = YES;
				GCC_C_LANGUAGE_STANDARD = gnu99;
				GCC_NO_COMMON_BLOCKS = YES;
				GCC_WARN_64_TO_32_BIT_CONVERSION = YES;
				GCC_WARN_ABOUT_RETURN_TYPE = YES_ERROR;
				GCC_WARN_UNDECLARED_SELECTOR = YES;
				GCC_WARN_UNINITIALIZED_AUTOS = YES_AGGRESSIVE;
				GCC_WARN_UNUSED_FUNCTION = YES;
				GCC_WARN_UNUSED_VARIABLE = YES;
				IPHONEOS_DEPLOYMENT_TARGET = 8.3;
				MTL_ENABLE_DEBUG_INFO = NO;
				SDKROOT = iphoneos;
				TARGETED_DEVICE_FAMILY = "1,2";
				VALIDATE_PRODUCT = YES;
			};
			name = Release;
		};
		6646DAFD1B1C670B0022AEB9 /* Debug */ = {
			isa = XCBuildConfiguration;
			buildSettings = {
				ASSETCATALOG_COMPILER_APPICON_NAME = AppIcon;
				CODE_SIGN_IDENTITY = "iPhone Developer";
				INFOPLIST_FILE = AgeofCat/Info.plist;
				IPHONEOS_DEPLOYMENT_TARGET = 7.0;
				LD_RUNPATH_SEARCH_PATHS = "$(inherited) @executable_path/Frameworks";
				PRODUCT_NAME = "$(TARGET_NAME)";
				TARGETED_DEVICE_FAMILY = 1;
			};
			name = Debug;
		};
		6646DAFE1B1C670B0022AEB9 /* Release */ = {
			isa = XCBuildConfiguration;
			buildSettings = {
				ASSETCATALOG_COMPILER_APPICON_NAME = AppIcon;
				CODE_SIGN_IDENTITY = "iPhone Developer";
				INFOPLIST_FILE = AgeofCat/Info.plist;
				IPHONEOS_DEPLOYMENT_TARGET = 7.0;
				LD_RUNPATH_SEARCH_PATHS = "$(inherited) @executable_path/Frameworks";
				PRODUCT_NAME = "$(TARGET_NAME)";
				TARGETED_DEVICE_FAMILY = 1;
			};
			name = Release;
		};
		6646DB001B1C670B0022AEB9 /* Debug */ = {
			isa = XCBuildConfiguration;
			buildSettings = {
				BUNDLE_LOADER = "$(TEST_HOST)";
				FRAMEWORK_SEARCH_PATHS = (
					"$(SDKROOT)/Developer/Library/Frameworks",
					"$(inherited)",
				);
				GCC_PREPROCESSOR_DEFINITIONS = (
					"DEBUG=1",
					"$(inherited)",
				);
				INFOPLIST_FILE = AgeofCatTests/Info.plist;
				LD_RUNPATH_SEARCH_PATHS = "$(inherited) @executable_path/Frameworks @loader_path/Frameworks";
				PRODUCT_NAME = "$(TARGET_NAME)";
				TEST_HOST = "$(BUILT_PRODUCTS_DIR)/AgeofCat.app/AgeofCat";
			};
			name = Debug;
		};
		6646DB011B1C670B0022AEB9 /* Release */ = {
			isa = XCBuildConfiguration;
			buildSettings = {
				BUNDLE_LOADER = "$(TEST_HOST)";
				FRAMEWORK_SEARCH_PATHS = (
					"$(SDKROOT)/Developer/Library/Frameworks",
					"$(inherited)",
				);
				INFOPLIST_FILE = AgeofCatTests/Info.plist;
				LD_RUNPATH_SEARCH_PATHS = "$(inherited) @executable_path/Frameworks @loader_path/Frameworks";
				PRODUCT_NAME = "$(TARGET_NAME)";
				TEST_HOST = "$(BUILT_PRODUCTS_DIR)/AgeofCat.app/AgeofCat";
			};
			name = Release;
		};
/* End XCBuildConfiguration section */

/* Begin XCConfigurationList section */
		6646DAD51B1C670B0022AEB9 /* Build configuration list for PBXProject "AgeofCat" */ = {
			isa = XCConfigurationList;
			buildConfigurations = (
				6646DAFA1B1C670B0022AEB9 /* Debug */,
				6646DAFB1B1C670B0022AEB9 /* Release */,
			);
			defaultConfigurationIsVisible = 0;
			defaultConfigurationName = Release;
		};
		6646DAFC1B1C670B0022AEB9 /* Build configuration list for PBXNativeTarget "AgeofCat" */ = {
			isa = XCConfigurationList;
			buildConfigurations = (
				6646DAFD1B1C670B0022AEB9 /* Debug */,
				6646DAFE1B1C670B0022AEB9 /* Release */,
			);
			defaultConfigurationIsVisible = 0;
			defaultConfigurationName = Release;
		};
		6646DAFF1B1C670B0022AEB9 /* Build configuration list for PBXNativeTarget "AgeofCatTests" */ = {
			isa = XCConfigurationList;
			buildConfigurations = (
				6646DB001B1C670B0022AEB9 /* Debug */,
				6646DB011B1C670B0022AEB9 /* Release */,
			);
			defaultConfigurationIsVisible = 0;
			defaultConfigurationName = Release;
		};
/* End XCConfigurationList section */

/* Begin XCVersionGroup section */
		6646DAE11B1C670B0022AEB9 /* AgeofCat.xcdatamodeld */ = {
			isa = XCVersionGroup;
			children = (
				6646DAE21B1C670B0022AEB9 /* AgeofCat.xcdatamodel */,
			);
			currentVersion = 6646DAE21B1C670B0022AEB9 /* AgeofCat.xcdatamodel */;
			path = AgeofCat.xcdatamodeld;
			sourceTree = "<group>";
			versionGroupType = wrapper.xcdatamodel;
		};
/* End XCVersionGroup section */
	};
	rootObject = 6646DAD21B1C670B0022AEB9 /* Project object */;
}
